
Microsoft Visual Studio Solution File, Format Version 12.00
# Visual Studio Version 16
VisualStudioVersion = 16.0.31005.135
MinimumVisualStudioVersion = 10.0.40219.1
Project("{9A19103F-16F7-4668-BE54-9A1E7A4F7556}") = "ThinkingCog.AspNetCore.DiskHealthCheck", "ThinkingCog.AspNetCore.DiskHealthCheck\ThinkingCog.AspNetCore.DiskHealthCheck.csproj", "{4276268E-B2B8-40B5-90BA-66262E014703}"
EndProject
Project("{9A19103F-16F7-4668-BE54-9A1E7A4F7556}") = "ThinkingCog.AspNetCore.MemoryHealthCheck", "ThinkingCog.AspNetCore.MemoryHealthCheck\ThinkingCog.AspNetCore.MemoryHealthCheck.csproj", "{3585A122-46E6-45D7-99B5-246C7E82142A}"
EndProject
Project("{9A19103F-16F7-4668-BE54-9A1E7A4F7556}") = "ThinkingCog.AspNetCore.ProcessorLoadHealthCheck", "ThinkingCog.AspNetCore.ProcessorLoadHealthCheck\ThinkingCog.AspNetCore.ProcessorLoadHealthCheck.csproj", "{2C05AF59-EDAA-42C6-85B4-3C94F4C15C16}"
EndProject
Project("{9A19103F-16F7-4668-BE54-9A1E7A4F7556}") = "ThinkingCog.AspNetCore.SQLServerHealthCheck", "ThinkingCog.AspNetCore.SQLServerHealthCheck\ThinkingCog.AspNetCore.SQLServerHealthCheck.csproj", "{61E8AA3B-726F-44DB-84A3-01D491BF17F3}"
EndProject
Project("{9A19103F-16F7-4668-BE54-9A1E7A4F7556}") = "ThinkingCog.AspNetCore.URLHealthCheck", "ThinkingCog.AspNetCore.URLHealthCheck\ThinkingCog.AspNetCore.URLHealthCheck.csproj", "{BABCED02-8FE8-46C0-902D-CAD7FBFCA1F6}"
EndProject
Global
	GlobalSection(SolutionConfigurationPlatforms) = preSolution
		Debug|Any CPU = Debug|Any CPU
		Release|Any CPU = Release|Any CPU
	EndGlobalSection
	GlobalSection(ProjectConfigurationPlatforms) = postSolution
		{4276268E-B2B8-40B5-90BA-66262E014703}.Debug|Any CPU.ActiveCfg = Debug|Any CPU
		{4276268E-B2B8-40B5-90BA-66262E014703}.Debug|Any CPU.Build.0 = Debug|Any CPU
		{4276268E-B2B8-40B5-90BA-66262E014703}.Release|Any CPU.ActiveCfg = Release|Any CPU
		{4276268E-B2B8-40B5-90BA-66262E014703}.Release|Any CPU.Build.0 = Release|Any CPU
		{3585A122-46E6-45D7-99B5-246C7E82142A}.Debug|Any CPU.ActiveCfg = Debug|Any CPU
		{3585A122-46E6-45D7-99B5-246C7E82142A}.Debug|Any CPU.Build.0 = Debug|Any CPU
		{3585A122-46E6-45D7-99B5-246C7E82142A}.Release|Any CPU.ActiveCfg = Release|Any CPU
		{3585A122-46E6-45D7-99B5-246C7E82142A}.Release|Any CPU.Build.0 = Release|Any CPU
		{2C05AF59-EDAA-42C6-85B4-3C94F4C15C16}.Debug|Any CPU.ActiveCfg = Debug|Any CPU
		{2C05AF59-EDAA-42C6-85B4-3C94F4C15C16}.Debug|Any CPU.Build.0 = Debug|Any CPU
		{2C05AF59-EDAA-42C6-85B4-3C94F4C15C16}.Release|Any CPU.ActiveCfg = Release|Any CPU
		{2C05AF59-EDAA-42C6-85B4-3C94F4C15C16}.Release|Any CPU.Build.0 = Release|Any CPU
		{61E8AA3B-726F-44DB-84A3-01D491BF17F3}.Debug|Any CPU.ActiveCfg = Debug|Any CPU
		{61E8AA3B-726F-44DB-84A3-01D491BF17F3}.Debug|Any CPU.Build.0 = Debug|Any CPU
		{61E8AA3B-726F-44DB-84A3-01D491BF17F3}.Release|Any CPU.ActiveCfg = Release|Any CPU
		{61E8AA3B-726F-44DB-84A3-01D491BF17F3}.Release|Any CPU.Build.0 = Release|Any CPU
		{BABCED02-8FE8-46C0-902D-CAD7FBFCA1F6}.Debug|Any CPU.ActiveCfg = Debug|Any CPU
		{BABCED02-8FE8-46C0-902D-CAD7FBFCA1F6}.Debug|Any CPU.Build.0 = Debug|Any CPU
		{BABCED02-8FE8-46C0-902D-CAD7FBFCA1F6}.Release|Any CPU.ActiveCfg = Release|Any CPU
		{BABCED02-8FE8-46C0-902D-CAD7FBFCA1F6}.Release|Any CPU.Build.0 = Release|Any CPU
	EndGlobalSection
	GlobalSection(SolutionProperties) = preSolution
		HideSolutionNode = FALSE
	EndGlobalSection
	GlobalSection(ExtensibilityGlobals) = postSolution
		SolutionGuid = {ABE20760-C143-406A-BD23-A7E30B995576}
	EndGlobalSection
EndGlobal
